
Microsoft Visual Studio Solution File, Format Version 12.00
# Visual Studio Version 17
VisualStudioVersion = 17.9.34723.18
MinimumVisualStudioVersion = 10.0.40219.1
Project("{FAE04EC0-301F-11D3-BF4B-00C04F79EFBC}") = "myFirstClient", "myFirstClient.csproj", "{984C46BB-6116-4F85-A6CB-289976328653}"
EndProject
Global
	GlobalSection(SolutionConfigurationPlatforms) = preSolution
		Debug|Any CPU = Debug|Any CPU
		Release|Any CPU = Release|Any CPU
	EndGlobalSection
	GlobalSection(ProjectConfigurationPlatforms) = postSolution
		{984C46BB-6116-4F85-A6CB-289976328653}.Debug|Any CPU.ActiveCfg = Debug|Any CPU
		{984C46BB-6116-4F85-A6CB-289976328653}.Debug|Any CPU.Build.0 = Debug|Any CPU
		{984C46BB-6116-4F85-A6CB-289976328653}.Release|Any CPU.ActiveCfg = Release|Any CPU
		{984C46BB-6116-4F85-A6CB-289976328653}.Release|Any CPU.Build.0 = Release|Any CPU
	EndGlobalSection
	GlobalSection(SolutionProperties) = preSolution
		HideSolutionNode = FALSE
	EndGlobalSection
	GlobalSection(ExtensibilityGlobals) = postSolution
		SolutionGuid = {4FD05B2A-D19B-458D-B01A-CB7A074A4A9D}
	EndGlobalSection
EndGlobal
