
Microsoft Visual Studio Solution File, Format Version 12.00
# Visual Studio Version 17
VisualStudioVersion = 17.8.34316.72
MinimumVisualStudioVersion = 10.0.40219.1
Project("{FAE04EC0-301F-11D3-BF4B-00C04F79EFBC}") = "Ex4", "Ex4.csproj", "{DCDB0973-36D8-4B96-A4D7-7EB88BE87DD0}"
EndProject
Global
	GlobalSection(SolutionConfigurationPlatforms) = preSolution
		Debug|Any CPU = Debug|Any CPU
		Release|Any CPU = Release|Any CPU
	EndGlobalSection
	GlobalSection(ProjectConfigurationPlatforms) = postSolution
		{DCDB0973-36D8-4B96-A4D7-7EB88BE87DD0}.Debug|Any CPU.ActiveCfg = Debug|Any CPU
		{DCDB0973-36D8-4B96-A4D7-7EB88BE87DD0}.Debug|Any CPU.Build.0 = Debug|Any CPU
		{DCDB0973-36D8-4B96-A4D7-7EB88BE87DD0}.Release|Any CPU.ActiveCfg = Release|Any CPU
		{DCDB0973-36D8-4B96-A4D7-7EB88BE87DD0}.Release|Any CPU.Build.0 = Release|Any CPU
	EndGlobalSection
	GlobalSection(SolutionProperties) = preSolution
		HideSolutionNode = FALSE
	EndGlobalSection
	GlobalSection(ExtensibilityGlobals) = postSolution
		SolutionGuid = {7C3618F2-87A3-4350-B302-730162409F5D}
	EndGlobalSection
EndGlobal
